
Microsoft Visual Studio Solution File, Format Version 12.00
# Visual Studio Version 17
VisualStudioVersion = 17.1.32210.238
MinimumVisualStudioVersion = 10.0.40219.1
Project("{9A19103F-16F7-4668-BE54-9A1E7A4F7556}") = "TippsUndTricks", "TippsUndTricks.csproj", "{71D502F5-2555-45BB-BC53-56D8E137FDED}"
EndProject
Project("{9A19103F-16F7-4668-BE54-9A1E7A4F7556}") = "Richtig auf Null prüfen", "..\Richtig auf Null prüfen\Richtig auf Null prüfen.csproj", "{9AF1221A-F7B1-46AC-86B6-F33723D0360B}"
EndProject
Project("{FAE04EC0-301F-11D3-BF4B-00C04F79EFBC}") = "Null-Conditional-Operator nutzen", "..\Null-Conditional-Operator nutzen\Null-Conditional-Operator nutzen.csproj", "{119F88AC-D8E2-4E66-8E45-E5C93F2AC511}"
EndProject
Project("{FAE04EC0-301F-11D3-BF4B-00C04F79EFBC}") = "Null-Coalescing-Operator verwenden", "..\Null-Coalescing-Operator verwenden\Null-Coalescing-Operator verwenden.csproj", "{92F8CBE2-AD9C-4F28-9668-887315C7D755}"
EndProject
Project("{FAE04EC0-301F-11D3-BF4B-00C04F79EFBC}") = "Ausnahme werfen, wenn ein Wert null ist", "..\Ausnahme werfen, wenn ein Wert null ist\Ausnahme werfen, wenn ein Wert null ist.csproj", "{B7B0014C-AA15-43A6-AA24-FFB17DE709CA}"
EndProject
Project("{FAE04EC0-301F-11D3-BF4B-00C04F79EFBC}") = "Null-Forgiving-Operator einsetzen", "..\Null-Forgiving-Operator einsetzen\Null-Forgiving-Operator einsetzen.csproj", "{E6412981-03C6-433F-8F24-4E6D87FBB632}"
EndProject
Project("{FAE04EC0-301F-11D3-BF4B-00C04F79EFBC}") = "NameOf-Operator anwenden", "..\NameOf-Operator anwenden\NameOf-Operator anwenden.csproj", "{6D7B7EC1-39B7-4468-A0BF-C1C63EC3DA28}"
EndProject
Project("{FAE04EC0-301F-11D3-BF4B-00C04F79EFBC}") = "String-Interpolation", "..\String-Interpolation\String-Interpolation.csproj", "{85475E1D-CE8C-409C-98A8-03460DC40FE8}"
EndProject
Project("{FAE04EC0-301F-11D3-BF4B-00C04F79EFBC}") = "Objekte initialisieren", "..\Objekte initialisieren\Objekte initialisieren.csproj", "{B4ECEBF9-FEA3-4F47-93AD-AC781A41E5BC}"
EndProject
Project("{FAE04EC0-301F-11D3-BF4B-00C04F79EFBC}") = "Using-Block und IDisposable verstehen", "..\Using-Block und IDisposable verstehen\Using-Block und IDisposable verstehen.csproj", "{5D8B3EE7-45C2-4EBD-B0F8-7D89F0F737EA}"
EndProject
Project("{FAE04EC0-301F-11D3-BF4B-00C04F79EFBC}") = "Resource mit using-Declarations freigeben", "..\Resource mit using-Declarations freigeben\Resource mit using-Declarations freigeben.csproj", "{13CAEFAD-F261-4BC3-8086-23238F600E96}"
EndProject
Project("{FAE04EC0-301F-11D3-BF4B-00C04F79EFBC}") = "Tupel in der Praxis nutzen", "..\Tupel in der Praxis nutzen\Tupel in der Praxis nutzen.csproj", "{483CB065-E355-4C25-AA93-54DF0ECB4785}"
EndProject
Project("{FAE04EC0-301F-11D3-BF4B-00C04F79EFBC}") = "Switch-Anweisung mit Typen erstellen", "..\Switch-Anweisung mit Typen erstellen\Switch-Anweisung mit Typen erstellen.csproj", "{BA2FC249-A82B-4EF4-A05F-A16FF846966F}"
EndProject
Project("{FAE04EC0-301F-11D3-BF4B-00C04F79EFBC}") = "PreprocessorDirectives", "..\PreprocessorDirectives\PreprocessorDirectives.csproj", "{52F34AB1-709A-43EB-8642-CE2D17E181E9}"
EndProject
Project("{FAE04EC0-301F-11D3-BF4B-00C04F79EFBC}") = "Zeichenketten richtig vergleichen", "..\Zeichenketten richtig vergleichen\Zeichenketten richtig vergleichen.csproj", "{60799115-EEB0-41D4-A778-E8627730D159}"
EndProject
Project("{FAE04EC0-301F-11D3-BF4B-00C04F79EFBC}") = "Richtig auf leere Zeichenkette prüfen", "..\Richtig auf leere Zeichenkette prüfen\Richtig auf leere Zeichenkette prüfen.csproj", "{2839E059-CADD-4F9C-9308-9ADE5A72B1C7}"
EndProject
Project("{FAE04EC0-301F-11D3-BF4B-00C04F79EFBC}") = "Mehrfachzuweisung vornehmen", "..\Mehrfachzuweisung vornehmen\Mehrfachzuweisung vornehmen.csproj", "{C8230B68-CBDF-4F94-97B3-5B48283DA7C0}"
EndProject
Project("{FAE04EC0-301F-11D3-BF4B-00C04F79EFBC}") = "Zwischenergebnisse mit yield anzeigen", "..\Zwischenergebnisse mit yield anzeigen\Zwischenergebnisse mit yield anzeigen.csproj", "{5BB1EEEE-ED1A-40D2-91BC-996CEB7AD8DE}"
EndProject
Project("{FAE04EC0-301F-11D3-BF4B-00C04F79EFBC}") = "Erweiterungsmethoden nutzen", "..\Erweiterungsmethoden nutzen\Erweiterungsmethoden nutzen.csproj", "{48C5AD62-D139-40DE-BB06-F83E30F5C18A}"
EndProject
Project("{FAE04EC0-301F-11D3-BF4B-00C04F79EFBC}") = "Indexzugriffe auf Arrays durchführen", "..\Indexzugriffe auf Arrays durchführen\Indexzugriffe auf Arrays durchführen.csproj", "{5960AF7B-C21A-4E25-B4B6-A1F3547DD316}"
EndProject
Project("{FAE04EC0-301F-11D3-BF4B-00C04F79EFBC}") = "Getter und Setter mit unterschiedlichen Rechten", "..\Getter und Setter mit unterschiedlichen Rechten\Getter und Setter mit unterschiedlichen Rechten.csproj", "{6D354BE9-E2BC-4C01-A53D-2D91CEE6E752}"
EndProject
Project("{FAE04EC0-301F-11D3-BF4B-00C04F79EFBC}") = "Felder als readonly markieren", "..\Felder als readonly markieren\Felder als readonly markieren.csproj", "{F7A7921A-7C23-4A1F-980B-3B0E62AA81B6}"
EndProject
Project("{FAE04EC0-301F-11D3-BF4B-00C04F79EFBC}") = "Zeichenkette enthält eine Zahl", "..\Zeichenkette enthält eine Zahl\Zeichenkette enthält eine Zahl.csproj", "{3568C8DF-C01E-4AF1-8F3B-99B1059F7C9D}"
EndProject
Project("{FAE04EC0-301F-11D3-BF4B-00C04F79EFBC}") = "CultureInfo praktisch einsetzen", "..\CultureInfo praktisch einsetzen\CultureInfo praktisch einsetzen.csproj", "{51AA8F78-A6FF-4B77-8A6B-A1618B32034D}"
EndProject
Project("{FAE04EC0-301F-11D3-BF4B-00C04F79EFBC}") = "Console Spielspaß", "..\Console Spielspaß\Console Spielspaß.csproj", "{29766F7D-2342-4E8D-AAFC-360BB3DBEBE6}"
EndProject
Global
	GlobalSection(SolutionConfigurationPlatforms) = preSolution
		Debug|Any CPU = Debug|Any CPU
		Release|Any CPU = Release|Any CPU
	EndGlobalSection
	GlobalSection(ProjectConfigurationPlatforms) = postSolution
		{71D502F5-2555-45BB-BC53-56D8E137FDED}.Debug|Any CPU.ActiveCfg = Debug|Any CPU
		{71D502F5-2555-45BB-BC53-56D8E137FDED}.Debug|Any CPU.Build.0 = Debug|Any CPU
		{71D502F5-2555-45BB-BC53-56D8E137FDED}.Release|Any CPU.ActiveCfg = Release|Any CPU
		{71D502F5-2555-45BB-BC53-56D8E137FDED}.Release|Any CPU.Build.0 = Release|Any CPU
		{9AF1221A-F7B1-46AC-86B6-F33723D0360B}.Debug|Any CPU.ActiveCfg = Debug|Any CPU
		{9AF1221A-F7B1-46AC-86B6-F33723D0360B}.Debug|Any CPU.Build.0 = Debug|Any CPU
		{9AF1221A-F7B1-46AC-86B6-F33723D0360B}.Release|Any CPU.ActiveCfg = Release|Any CPU
		{9AF1221A-F7B1-46AC-86B6-F33723D0360B}.Release|Any CPU.Build.0 = Release|Any CPU
		{119F88AC-D8E2-4E66-8E45-E5C93F2AC511}.Debug|Any CPU.ActiveCfg = Debug|Any CPU
		{119F88AC-D8E2-4E66-8E45-E5C93F2AC511}.Debug|Any CPU.Build.0 = Debug|Any CPU
		{119F88AC-D8E2-4E66-8E45-E5C93F2AC511}.Release|Any CPU.ActiveCfg = Release|Any CPU
		{119F88AC-D8E2-4E66-8E45-E5C93F2AC511}.Release|Any CPU.Build.0 = Release|Any CPU
		{92F8CBE2-AD9C-4F28-9668-887315C7D755}.Debug|Any CPU.ActiveCfg = Debug|Any CPU
		{92F8CBE2-AD9C-4F28-9668-887315C7D755}.Debug|Any CPU.Build.0 = Debug|Any CPU
		{92F8CBE2-AD9C-4F28-9668-887315C7D755}.Release|Any CPU.ActiveCfg = Release|Any CPU
		{92F8CBE2-AD9C-4F28-9668-887315C7D755}.Release|Any CPU.Build.0 = Release|Any CPU
		{B7B0014C-AA15-43A6-AA24-FFB17DE709CA}.Debug|Any CPU.ActiveCfg = Debug|Any CPU
		{B7B0014C-AA15-43A6-AA24-FFB17DE709CA}.Debug|Any CPU.Build.0 = Debug|Any CPU
		{B7B0014C-AA15-43A6-AA24-FFB17DE709CA}.Release|Any CPU.ActiveCfg = Release|Any CPU
		{B7B0014C-AA15-43A6-AA24-FFB17DE709CA}.Release|Any CPU.Build.0 = Release|Any CPU
		{E6412981-03C6-433F-8F24-4E6D87FBB632}.Debug|Any CPU.ActiveCfg = Debug|Any CPU
		{E6412981-03C6-433F-8F24-4E6D87FBB632}.Debug|Any CPU.Build.0 = Debug|Any CPU
		{E6412981-03C6-433F-8F24-4E6D87FBB632}.Release|Any CPU.ActiveCfg = Release|Any CPU
		{E6412981-03C6-433F-8F24-4E6D87FBB632}.Release|Any CPU.Build.0 = Release|Any CPU
		{6D7B7EC1-39B7-4468-A0BF-C1C63EC3DA28}.Debug|Any CPU.ActiveCfg = Debug|Any CPU
		{6D7B7EC1-39B7-4468-A0BF-C1C63EC3DA28}.Debug|Any CPU.Build.0 = Debug|Any CPU
		{6D7B7EC1-39B7-4468-A0BF-C1C63EC3DA28}.Release|Any CPU.ActiveCfg = Release|Any CPU
		{6D7B7EC1-39B7-4468-A0BF-C1C63EC3DA28}.Release|Any CPU.Build.0 = Release|Any CPU
		{85475E1D-CE8C-409C-98A8-03460DC40FE8}.Debug|Any CPU.ActiveCfg = Debug|Any CPU
		{85475E1D-CE8C-409C-98A8-03460DC40FE8}.Debug|Any CPU.Build.0 = Debug|Any CPU
		{85475E1D-CE8C-409C-98A8-03460DC40FE8}.Release|Any CPU.ActiveCfg = Release|Any CPU
		{85475E1D-CE8C-409C-98A8-03460DC40FE8}.Release|Any CPU.Build.0 = Release|Any CPU
		{B4ECEBF9-FEA3-4F47-93AD-AC781A41E5BC}.Debug|Any CPU.ActiveCfg = Debug|Any CPU
		{B4ECEBF9-FEA3-4F47-93AD-AC781A41E5BC}.Debug|Any CPU.Build.0 = Debug|Any CPU
		{B4ECEBF9-FEA3-4F47-93AD-AC781A41E5BC}.Release|Any CPU.ActiveCfg = Release|Any CPU
		{B4ECEBF9-FEA3-4F47-93AD-AC781A41E5BC}.Release|Any CPU.Build.0 = Release|Any CPU
		{5D8B3EE7-45C2-4EBD-B0F8-7D89F0F737EA}.Debug|Any CPU.ActiveCfg = Debug|Any CPU
		{5D8B3EE7-45C2-4EBD-B0F8-7D89F0F737EA}.Debug|Any CPU.Build.0 = Debug|Any CPU
		{5D8B3EE7-45C2-4EBD-B0F8-7D89F0F737EA}.Release|Any CPU.ActiveCfg = Release|Any CPU
		{5D8B3EE7-45C2-4EBD-B0F8-7D89F0F737EA}.Release|Any CPU.Build.0 = Release|Any CPU
		{13CAEFAD-F261-4BC3-8086-23238F600E96}.Debug|Any CPU.ActiveCfg = Debug|Any CPU
		{13CAEFAD-F261-4BC3-8086-23238F600E96}.Debug|Any CPU.Build.0 = Debug|Any CPU
		{13CAEFAD-F261-4BC3-8086-23238F600E96}.Release|Any CPU.ActiveCfg = Release|Any CPU
		{13CAEFAD-F261-4BC3-8086-23238F600E96}.Release|Any CPU.Build.0 = Release|Any CPU
		{483CB065-E355-4C25-AA93-54DF0ECB4785}.Debug|Any CPU.ActiveCfg = Debug|Any CPU
		{483CB065-E355-4C25-AA93-54DF0ECB4785}.Debug|Any CPU.Build.0 = Debug|Any CPU
		{483CB065-E355-4C25-AA93-54DF0ECB4785}.Release|Any CPU.ActiveCfg = Release|Any CPU
		{483CB065-E355-4C25-AA93-54DF0ECB4785}.Release|Any CPU.Build.0 = Release|Any CPU
		{BA2FC249-A82B-4EF4-A05F-A16FF846966F}.Debug|Any CPU.ActiveCfg = Debug|Any CPU
		{BA2FC249-A82B-4EF4-A05F-A16FF846966F}.Debug|Any CPU.Build.0 = Debug|Any CPU
		{BA2FC249-A82B-4EF4-A05F-A16FF846966F}.Release|Any CPU.ActiveCfg = Release|Any CPU
		{BA2FC249-A82B-4EF4-A05F-A16FF846966F}.Release|Any CPU.Build.0 = Release|Any CPU
		{52F34AB1-709A-43EB-8642-CE2D17E181E9}.Debug|Any CPU.ActiveCfg = Debug|Any CPU
		{52F34AB1-709A-43EB-8642-CE2D17E181E9}.Debug|Any CPU.Build.0 = Debug|Any CPU
		{52F34AB1-709A-43EB-8642-CE2D17E181E9}.Release|Any CPU.ActiveCfg = Release|Any CPU
		{52F34AB1-709A-43EB-8642-CE2D17E181E9}.Release|Any CPU.Build.0 = Release|Any CPU
		{60799115-EEB0-41D4-A778-E8627730D159}.Debug|Any CPU.ActiveCfg = Debug|Any CPU
		{60799115-EEB0-41D4-A778-E8627730D159}.Debug|Any CPU.Build.0 = Debug|Any CPU
		{60799115-EEB0-41D4-A778-E8627730D159}.Release|Any CPU.ActiveCfg = Release|Any CPU
		{60799115-EEB0-41D4-A778-E8627730D159}.Release|Any CPU.Build.0 = Release|Any CPU
		{2839E059-CADD-4F9C-9308-9ADE5A72B1C7}.Debug|Any CPU.ActiveCfg = Debug|Any CPU
		{2839E059-CADD-4F9C-9308-9ADE5A72B1C7}.Debug|Any CPU.Build.0 = Debug|Any CPU
		{2839E059-CADD-4F9C-9308-9ADE5A72B1C7}.Release|Any CPU.ActiveCfg = Release|Any CPU
		{2839E059-CADD-4F9C-9308-9ADE5A72B1C7}.Release|Any CPU.Build.0 = Release|Any CPU
		{C8230B68-CBDF-4F94-97B3-5B48283DA7C0}.Debug|Any CPU.ActiveCfg = Debug|Any CPU
		{C8230B68-CBDF-4F94-97B3-5B48283DA7C0}.Debug|Any CPU.Build.0 = Debug|Any CPU
		{C8230B68-CBDF-4F94-97B3-5B48283DA7C0}.Release|Any CPU.ActiveCfg = Release|Any CPU
		{C8230B68-CBDF-4F94-97B3-5B48283DA7C0}.Release|Any CPU.Build.0 = Release|Any CPU
		{5BB1EEEE-ED1A-40D2-91BC-996CEB7AD8DE}.Debug|Any CPU.ActiveCfg = Debug|Any CPU
		{5BB1EEEE-ED1A-40D2-91BC-996CEB7AD8DE}.Debug|Any CPU.Build.0 = Debug|Any CPU
		{5BB1EEEE-ED1A-40D2-91BC-996CEB7AD8DE}.Release|Any CPU.ActiveCfg = Release|Any CPU
		{5BB1EEEE-ED1A-40D2-91BC-996CEB7AD8DE}.Release|Any CPU.Build.0 = Release|Any CPU
		{48C5AD62-D139-40DE-BB06-F83E30F5C18A}.Debug|Any CPU.ActiveCfg = Debug|Any CPU
		{48C5AD62-D139-40DE-BB06-F83E30F5C18A}.Debug|Any CPU.Build.0 = Debug|Any CPU
		{48C5AD62-D139-40DE-BB06-F83E30F5C18A}.Release|Any CPU.ActiveCfg = Release|Any CPU
		{48C5AD62-D139-40DE-BB06-F83E30F5C18A}.Release|Any CPU.Build.0 = Release|Any CPU
		{5960AF7B-C21A-4E25-B4B6-A1F3547DD316}.Debug|Any CPU.ActiveCfg = Debug|Any CPU
		{5960AF7B-C21A-4E25-B4B6-A1F3547DD316}.Debug|Any CPU.Build.0 = Debug|Any CPU
		{5960AF7B-C21A-4E25-B4B6-A1F3547DD316}.Release|Any CPU.ActiveCfg = Release|Any CPU
		{5960AF7B-C21A-4E25-B4B6-A1F3547DD316}.Release|Any CPU.Build.0 = Release|Any CPU
		{6D354BE9-E2BC-4C01-A53D-2D91CEE6E752}.Debug|Any CPU.ActiveCfg = Debug|Any CPU
		{6D354BE9-E2BC-4C01-A53D-2D91CEE6E752}.Debug|Any CPU.Build.0 = Debug|Any CPU
		{6D354BE9-E2BC-4C01-A53D-2D91CEE6E752}.Release|Any CPU.ActiveCfg = Release|Any CPU
		{6D354BE9-E2BC-4C01-A53D-2D91CEE6E752}.Release|Any CPU.Build.0 = Release|Any CPU
		{F7A7921A-7C23-4A1F-980B-3B0E62AA81B6}.Debug|Any CPU.ActiveCfg = Debug|Any CPU
		{F7A7921A-7C23-4A1F-980B-3B0E62AA81B6}.Debug|Any CPU.Build.0 = Debug|Any CPU
		{F7A7921A-7C23-4A1F-980B-3B0E62AA81B6}.Release|Any CPU.ActiveCfg = Release|Any CPU
		{F7A7921A-7C23-4A1F-980B-3B0E62AA81B6}.Release|Any CPU.Build.0 = Release|Any CPU
		{3568C8DF-C01E-4AF1-8F3B-99B1059F7C9D}.Debug|Any CPU.ActiveCfg = Debug|Any CPU
		{3568C8DF-C01E-4AF1-8F3B-99B1059F7C9D}.Debug|Any CPU.Build.0 = Debug|Any CPU
		{3568C8DF-C01E-4AF1-8F3B-99B1059F7C9D}.Release|Any CPU.ActiveCfg = Release|Any CPU
		{3568C8DF-C01E-4AF1-8F3B-99B1059F7C9D}.Release|Any CPU.Build.0 = Release|Any CPU
		{51AA8F78-A6FF-4B77-8A6B-A1618B32034D}.Debug|Any CPU.ActiveCfg = Debug|Any CPU
		{51AA8F78-A6FF-4B77-8A6B-A1618B32034D}.Debug|Any CPU.Build.0 = Debug|Any CPU
		{51AA8F78-A6FF-4B77-8A6B-A1618B32034D}.Release|Any CPU.ActiveCfg = Release|Any CPU
		{51AA8F78-A6FF-4B77-8A6B-A1618B32034D}.Release|Any CPU.Build.0 = Release|Any CPU
		{29766F7D-2342-4E8D-AAFC-360BB3DBEBE6}.Debug|Any CPU.ActiveCfg = Debug|Any CPU
		{29766F7D-2342-4E8D-AAFC-360BB3DBEBE6}.Debug|Any CPU.Build.0 = Debug|Any CPU
		{29766F7D-2342-4E8D-AAFC-360BB3DBEBE6}.Release|Any CPU.ActiveCfg = Release|Any CPU
		{29766F7D-2342-4E8D-AAFC-360BB3DBEBE6}.Release|Any CPU.Build.0 = Release|Any CPU
	EndGlobalSection
	GlobalSection(SolutionProperties) = preSolution
		HideSolutionNode = FALSE
	EndGlobalSection
	GlobalSection(ExtensibilityGlobals) = postSolution
		SolutionGuid = {6093B343-188B-4E7B-B2BE-3A11A636C4B7}
	EndGlobalSection
EndGlobal
